{
  "_comment": "Companion lock for ANALYSIS_ADDENDUM_2026-08.md. The addendum is hashed with its section 12 boxes UNCHECKED and no DOI inside it; the completed checklist, timestamp and DOI live here and in the Zenodo metadata.",
  "addendum_md_sha256": "6fe26424cd042e7bdc5ed5512fa6fa0149a0ee3883ba525de4f80f92c74773d9",
  "decisions_addendum_md_sha256": "897218d4f969c1dbd6c9c15bda28b273fec718c8d6a5b40738cd2ca961a442a9",
  "prereg_readme_md_sha256": "9013ebb84f794487731f12cf98424bcbfb92a6d99cc6dea8a13f59511d894f1c",
  "gene_resolution_58_tsv_sha256": "2075c823d01af3807c9e2ee7bbc625ce226d699406d02e13f043c10b2c976e25",
  "parent_preregistration_md_sha256": "3a9192f3adf0da350d34cf978233799ba571d7e74a5392a2b56201be20f485f7",
  "parent_concept_doi": "10.5281/zenodo.20726403",
  "lock_timestamp_utc": "2026-08-02T08:29:31.490720+00:00",
  "zenodo_doi": "<FILL AT DEPOSIT>",
  "deposit_manifest": {
    "analysis/A0_scorer_validation.py": "278fd559ada0a00ba2350ade5801e5a4f1f12512fd44ec54bb812c7d0ec9b529",
    "analysis/A0b_rescore_and_reanalyse.py": "d230b10137af3ef5653a329956a9db8b4b02f6a1d29ea4354f25ef6b14c32410",
    "analysis/A0c_all_bidirectional_signatures.py": "07a51ce4754ace7771a62799ab840d731041087f843c3f3db3f60413f919047a",
    "analysis/A0d_meta_and_tost.py": "0a676925d9d8b034019577ca08bab66727883d3eb9fd41631653a6974e78c88d",
    "analysis/A0e_dedup.py": "ceb02922b2f18ebc8d3f3bcec8fa3daffb8845aeaa74a4425550fb2d192bf24c",
    "analysis/A0f_gene_resolution.py": "8a3bc02f86486359ccdd4b8e232413098f5cfb668b7d584c59137316a4147f12",
    "analysis/A0g_table1_corrected.py": "f7d6f8590621d2ef42bafc911f660968517f2c586f3603fd77c569dca5f00794",
    "analysis/A0h_table2_corrected.py": "7f2eaefe10f8e381be0eb4a68d96a610804493b0b831d1386d989d701707c933",
    "analysis/A0i_cluster_bootstrap.py": "e6cd51f6ba704a149aa82e352f581be89347b535c8363ae07094f67986352241",
    "analysis/A13_native_concordance.py": "7802b3c459e4f1b55393f2d914c368ba0fad1e6dd5545a790b7b457e3bad72eb",
    "analysis/A14a_gse41998_gate.py": "65b37a80d1f68f50193ec6ac07132443a1cef99fe2d3c335da8a2b543f77766e",
    "analysis/A14b_gse41998_analysis.py": "480be90bf780a4bc071a6cbc76710dae7a0174139a74d7ebc0d5c84c7a597cf1",
    "analysis/A1_delong_corrected.py": "8933366ff023c267b3ec4b8e8bdac52558d477bc047058a5cf2f39239e23aca7",
    "analysis/A2_grid.py": "d9c253d766869cb559a9b9c24d9961de0d2dd640336fc4df5f7ab046eeb16f02",
    "analysis/A3_baselines.py": "1a88b92fdca114c5e4ad41100ee387e6818388bfe83be018c94e2df887d725b5",
    "analysis/A4_within_subtype.py": "8117696a43f23a027ef1a6365c8aa17cfd4f7e9e5bf5a4a56208eb528ab8b322",
    "analysis/A5_cohort_characteristics.py": "9db66a33b3dbb7d29551aa4b668ce1b003d75fdb8b277e13ffde8e2fe32a28ba",
    "analysis/A_remaining.py": "ce6db926cd424bdb016fc43b0566afd763dd71157fb520e688bbd76afbf798f4",
    "analysis/_fig2_patched.py": "895ef4db199eb6bb4811d23abca6aec9c13b89ba0a39704fa173da2a955cebea",
    "analysis/_fig3_patched.py": "a396514ebfb72439a091c277cd605197cf163742c13c80e9089eff1847e64e3e",
    "analysis/_fig4_patched.py": "f526d64afa800690d31371cae4b1163ceeec677349266707af14af549155879b",
    "analysis/_fig5_patched.py": "80d1bda20caca5f10071c4a222b99bd9e44484dbabee5f32461c0cc99dfddca7",
    "results/A0/A0b_rescore_comparison.json": "afaa6a48ba373b3f78ea4e91fb77ae350dd595ae813a5620409490ff885279ee",
    "results/A0/A0c_bidirectional_signatures.json": "913e13888a6728f6eb6b80d5a341c0ba3e163a0cdc6f7c05464642be486df35c",
    "results/A0/A0d_meta_cells_corrected.tsv": "c31b3cd519e349f33b7b6b6f0c3af2e19496a72e85945ff076bf868f46380d8c",
    "results/A0/A0d_pools.json": "72f31ff4444dc8083e7c77f22e8f279b2216df5ee793e88a6b63fa61549835f5",
    "results/A0/A0e_dedup.json": "3b1822a45a70b464055f61d3c1e602f148f191e77c8c8a6eceab2fd2ed00c453",
    "results/A0/A0g_table1_corrected.json": "ebbe369b9924675ee6a85d366187067c3faff561d6907c544b83be894fd3688b",
    "results/A0/A0h_table2_corrected.json": "3f46b5f9aa805ff7118367e44464c7b0ffa820292bd54b788c46f81fd5ed2a99",
    "results/A0/A0i_cluster_bootstrap.json": "4ab4c1111873da011199bf954ac2b90d469456f9f801fcd6b63a4aac39a8ee2a",
    "results/A0/gene_resolution_58.tsv": "2075c823d01af3807c9e2ee7bbc625ce226d699406d02e13f043c10b2c976e25",
    "results/A0/score_corrected_GSE16446.tsv": "9c34f9df850527d24fad7c197b303a02e33f4c4e55f16c54f1e42a0e80bf39ea",
    "results/A0/score_corrected_GSE22226.tsv": "452919857e5491882cc452dcfdc7bafbf72354d8ced7b27b7704734d50b22da3",
    "results/A0/score_corrected_GSE25066.tsv": "8cb548ba55104a1e7183bd398a95ce1afe86ee018e9a727b0eb87d31aeb6f484",
    "results/A0/score_corrected_GSE32646.tsv": "30debeb392b631b87214c048205a3772d810c096204a4b4422d2f01bb29ded2c",
    "results/A0/score_deployed_GSE16446.tsv": "6407bcc7d77fe0385f74b0f9af3df4b75e064e0bd5aefb627969ce96dcaec355",
    "results/A0/score_deployed_GSE22226.tsv": "4e317fa4ac994ee4307575861c7e7578e3fabc0762c56920127d61dec5e5db9b",
    "results/A0/score_deployed_GSE25066.tsv": "1db2350b3a0a3da4d82cc6ec8766e613eb4f81a298ef8239f6adfcc54ca55cb3",
    "results/A0/score_deployed_GSE32646.tsv": "fc353adff9f0232b47a5baf5b237a60ed2152333a3c831313ebd3c0d63722b2f",
    "results/A1/A1_correction_table.json": "1d3a206e1e2089df1f3fadfd0949058b66f61ae9c1cd96a60e1d15c8f253dbb6",
    "results/A1/lrt_power_and_delong_CORRECTED.json": "ee0845384f119a424e490a3041731a02ae7161ea1c0ce4ae6be87d6a53427c96"
  },
  "instructions": "Verify by re-hashing each file and comparing. The A0 manifest lets a third party check that no pre-lock result was added or altered after the lock, which is what makes the addendum's section 1 pre-lock exemption falsifiable."
}
